
Microsoft Visual Studio Solution File, Format Version 12.00
# Visual Studio 15
VisualStudioVersion = 15.0.28307.421
MinimumVisualStudioVersion = 10.0.40219.1
Project("{FAE04EC0-301F-11D3-BF4B-00C04F79EFBC}") = "BrainF Compiler", "BrainF Compiler\BrainF Compiler.csproj", "{E120EBA1-7988-4B21-852E-83241A1DF97B}"
EndProject
Global
	GlobalSection(SolutionConfigurationPlatforms) = preSolution
		Debug|Any CPU = Debug|Any CPU
		Release|Any CPU = Release|Any CPU
	EndGlobalSection
	GlobalSection(ProjectConfigurationPlatforms) = postSolution
		{E120EBA1-7988-4B21-852E-83241A1DF97B}.Debug|Any CPU.ActiveCfg = Debug|Any CPU
		{E120EBA1-7988-4B21-852E-83241A1DF97B}.Debug|Any CPU.Build.0 = Debug|Any CPU
		{E120EBA1-7988-4B21-852E-83241A1DF97B}.Release|Any CPU.ActiveCfg = Release|Any CPU
		{E120EBA1-7988-4B21-852E-83241A1DF97B}.Release|Any CPU.Build.0 = Release|Any CPU
	EndGlobalSection
	GlobalSection(SolutionProperties) = preSolution
		HideSolutionNode = FALSE
	EndGlobalSection
	GlobalSection(ExtensibilityGlobals) = postSolution
		SolutionGuid = {C050C64B-FA84-462A-B5A2-D13ED7BCB21B}
	EndGlobalSection
EndGlobal
